# THIS IS AN AUTOGENERATED FILE. DO NOT EDIT THIS FILE DIRECTLY.
# yarn lockfile v1


"@babel/runtime@^7.18.6":
  version "7.20.13"
  resolved "https://registry.yarnpkg.com/@babel/runtime/-/runtime-7.20.13.tgz#7055ab8a7cff2b8f6058bf6ae45ff84ad2aded4b"
  integrity sha512-gt3PKXs0DBoL9xCvOIIZ2NEqAGZqHjAnmVbfQtB620V0uReIQutpel14KcneZuer7UioY8ALKZ7iocavvzTNFA==
  dependencies:
    regenerator-runtime "^0.13.11"

"@codemirror/autocomplete@^6.0.0", "@codemirror/autocomplete@^6.3.2":
  version "6.4.0"
  resolved "https://registry.yarnpkg.com/@codemirror/autocomplete/-/autocomplete-6.4.0.tgz#76ac9a2a411a4cc6e13103014dba5e0fe601da5a"
  integrity sha512-HLF2PnZAm1s4kGs30EiqKMgD7XsYaQ0XJnMR0rofEWQ5t5D60SfqpDIkIh1ze5tiEbyUWm8+VJ6W1/erVvBMIA==
  dependencies:
    "@codemirror/language" "^6.0.0"
    "@codemirror/state" "^6.0.0"
    "@codemirror/view" "^6.6.0"
    "@lezer/common" "^1.0.0"

"@codemirror/commands@^6.0.0", "@codemirror/commands@^6.1.0":
  version "6.2.0"
  resolved "https://registry.yarnpkg.com/@codemirror/commands/-/commands-6.2.0.tgz#e575b7542406be8bc61efb56f1827c71587bb5f8"
  integrity sha512-+00smmZBradoGFEkRjliN7BjqPh/Hx0KCHWOEibUmflUqZz2RwBTU0MrVovEEHozhx3AUSGcO/rl3/5f9e9Biw==
  dependencies:
    "@codemirror/language" "^6.0.0"
    "@codemirror/state" "^6.2.0"
    "@codemirror/view" "^6.0.0"
    "@lezer/common" "^1.0.0"

"@codemirror/lang-cpp@^6.0.0", "@codemirror/lang-cpp@~6.0.0":
  version "6.0.2"
  resolved "https://registry.yarnpkg.com/@codemirror/lang-cpp/-/lang-cpp-6.0.2.tgz#076c98340c3beabde016d7d83e08eebe17254ef9"
  integrity sha512-6oYEYUKHvrnacXxWxYa6t4puTlbN3dgV662BDfSH8+MfjQjVmP697/KYTDOqpxgerkvoNm7q5wlFMBeX8ZMocg==
  dependencies:
    "@codemirror/language" "^6.0.0"
    "@lezer/cpp" "^1.0.0"

"@codemirror/lang-css@^6.0.0":
  version "6.0.1"
  resolved "https://registry.yarnpkg.com/@codemirror/lang-css/-/lang-css-6.0.1.tgz#470fff614e4cfbbe796ec43103420d59c797dd7a"
  integrity sha512-rlLq1Dt0WJl+2epLQeAsfqIsx3lGu4HStHCJu95nGGuz2P2fNugbU3dQYafr2VRjM4eMC9HviI6jvS98CNtG5w==
  dependencies:
    "@codemirror/autocomplete" "^6.0.0"
    "@codemirror/language" "^6.0.0"
    "@codemirror/state" "^6.0.0"
    "@lezer/css" "^1.0.0"

"@codemirror/lang-html@^6.0.0", "@codemirror/lang-html@~6.4.0":
  version "6.4.1"
  resolved "https://registry.yarnpkg.com/@codemirror/lang-html/-/lang-html-6.4.1.tgz#fe739212aa3e4931077da5ab178c4f7df1601ac5"
  integrity sha512-9NzhWKAkWEwjXC04DKM6yrHnxIPFTqZNLDhWfZiKLMxUiU++XoHz9n6D5EPp1igBmX0vXcpFb5Kud6XzIJhZ4A==
  dependencies:
    "@codemirror/autocomplete" "^6.0.0"
    "@codemirror/lang-css" "^6.0.0"
    "@codemirror/lang-javascript" "^6.0.0"
    "@codemirror/language" "^6.4.0"
    "@codemirror/state" "^6.0.0"
    "@codemirror/view" "^6.2.2"
    "@lezer/common" "^1.0.0"
    "@lezer/css" "^1.1.0"
    "@lezer/html" "^1.3.0"

"@codemirror/lang-java@^6.0.0", "@codemirror/lang-java@~6.0.0":
  version "6.0.1"
  resolved "https://registry.yarnpkg.com/@codemirror/lang-java/-/lang-java-6.0.1.tgz#03bd06334da7c8feb9dff6db01ac6d85bd2e48bb"
  integrity sha512-OOnmhH67h97jHzCuFaIEspbmsT98fNdhVhmA3zCxW0cn7l8rChDhZtwiwJ/JOKXgfm4J+ELxQihxaI7bj7mJRg==
  dependencies:
    "@codemirror/language" "^6.0.0"
    "@lezer/java" "^1.0.0"

"@codemirror/lang-javascript@^6.0.0", "@codemirror/lang-javascript@~6.1.0":
  version "6.1.2"
  resolved "https://registry.yarnpkg.com/@codemirror/lang-javascript/-/lang-javascript-6.1.2.tgz#a11812ca1d21301cdeb80e51b4c007edcf55f813"
  integrity sha512-OcwLfZXdQ1OHrLiIcKCn7MqZ7nx205CMKlhe+vL88pe2ymhT9+2P+QhwkYGxMICj8TDHyp8HFKVwpiisUT7iEQ==
  dependencies:
    "@codemirror/autocomplete" "^6.0.0"
    "@codemirror/language" "^6.0.0"
    "@codemirror/lint" "^6.0.0"
    "@codemirror/state" "^6.0.0"
    "@codemirror/view" "^6.0.0"
    "@lezer/common" "^1.0.0"
    "@lezer/javascript" "^1.0.0"

"@codemirror/lang-json@^6.0.0", "@codemirror/lang-json@~6.0.0":
  version "6.0.1"
  resolved "https://registry.yarnpkg.com/@codemirror/lang-json/-/lang-json-6.0.1.tgz#0a0be701a5619c4b0f8991f9b5e95fe33f462330"
  integrity sha512-+T1flHdgpqDDlJZ2Lkil/rLiRy684WMLc74xUnjJH48GQdfJo/pudlTRreZmKwzP8/tGdKf83wlbAdOCzlJOGQ==
  dependencies:
    "@codemirror/language" "^6.0.0"
    "@lezer/json" "^1.0.0"

"@codemirror/lang-lezer@~6.0.0":
  version "6.0.1"
  resolved "https://registry.yarnpkg.com/@codemirror/lang-lezer/-/lang-lezer-6.0.1.tgz#16a5909ab8ab4a23e9b214476413dc92a3191780"
  integrity sha512-WHwjI7OqKFBEfkunohweqA5B/jIlxaZso6Nl3weVckz8EafYbPZldQEKSDb4QQ9H9BUkle4PVELP4sftKoA0uQ==
  dependencies:
    "@codemirror/language" "^6.0.0"
    "@codemirror/state" "^6.0.0"
    "@lezer/common" "^1.0.0"
    "@lezer/lezer" "^1.0.0"

"@codemirror/lang-markdown@^6.0.0", "@codemirror/lang-markdown@~6.0.0":
  version "6.0.5"
  resolved "https://registry.yarnpkg.com/@codemirror/lang-markdown/-/lang-markdown-6.0.5.tgz#61393c7e2552528daee6aa4eca63428aa00832bd"
  integrity sha512-qH0THRYc2M7pIJoAp6jstXZkv8ZMVhNaBm7Bs4+0SLHhHlwX53txFy98AcPwrfq0Sh8Zi6RAuj9j/GyL8E1MKw==
  dependencies:
    "@codemirror/lang-html" "^6.0.0"
    "@codemirror/language" "^6.3.0"
    "@codemirror/state" "^6.0.0"
    "@codemirror/view" "^6.0.0"
    "@lezer/common" "^1.0.0"
    "@lezer/markdown" "^1.0.0"

"@codemirror/lang-php@^6.0.0", "@codemirror/lang-php@~6.0.0":
  version "6.0.1"
  resolved "https://registry.yarnpkg.com/@codemirror/lang-php/-/lang-php-6.0.1.tgz#fa34cc75562178325861a5731f79bd621f57ffaa"
  integrity sha512-ublojMdw/PNWa7qdN5TMsjmqkNuTBD3k6ndZ4Z0S25SBAiweFGyY68AS3xNcIOlb6DDFDvKlinLQ40vSLqf8xA==
  dependencies:
    "@codemirror/lang-html" "^6.0.0"
    "@codemirror/language" "^6.0.0"
    "@codemirror/state" "^6.0.0"
    "@lezer/common" "^1.0.0"
    "@lezer/php" "^1.0.0"

"@codemirror/lang-python@^6.0.0", "@codemirror/lang-python@~6.1.0":
  version "6.1.1"
  resolved "https://registry.yarnpkg.com/@codemirror/lang-python/-/lang-python-6.1.1.tgz#378c69199da41e0b09eaadc56f6d70ad6001fd34"
  integrity sha512-AddGMIKUssUAqaDKoxKWA5GAzy/CVE0eSY7/ANgNzdS1GYBkp6N49XKEyMElkuN04UsZ+bTIQdj+tVV75NMwJw==
  dependencies:
    "@codemirror/autocomplete" "^6.3.2"
    "@codemirror/language" "^6.0.0"
    "@lezer/python" "^1.0.0"

"@codemirror/lang-rust@^6.0.0", "@codemirror/lang-rust@~6.0.0":
  version "6.0.1"
  resolved "https://registry.yarnpkg.com/@codemirror/lang-rust/-/lang-rust-6.0.1.tgz#d6829fc7baa39a15bcd174a41a9e0a1bf7cf6ba8"
  integrity sha512-344EMWFBzWArHWdZn/NcgkwMvZIWUR1GEBdwG8FEp++6o6vT6KL9V7vGs2ONsKxxFUPXKI0SPcWhyYyl2zPYxQ==
  dependencies:
    "@codemirror/language" "^6.0.0"
    "@lezer/rust" "^1.0.0"

"@codemirror/lang-sql@^6.0.0", "@codemirror/lang-sql@~6.3.0":
  version "6.3.3"
  resolved "https://registry.yarnpkg.com/@codemirror/lang-sql/-/lang-sql-6.3.3.tgz#3a0cad06cd5be5557850035c5f6592ea41dd21c2"
  integrity sha512-VNsHju8500fkiDyDU8jZyGQ8M0iXU0SmfeCoCeAYkACcEFlX63BOT8311pICXyw43VYRbS23w54RgSEQmixGjQ==
  dependencies:
    "@codemirror/autocomplete" "^6.0.0"
    "@codemirror/language" "^6.0.0"
    "@codemirror/state" "^6.0.0"
    "@lezer/highlight" "^1.0.0"
    "@lezer/lr" "^1.0.0"

"@codemirror/lang-wast@^6.0.0":
  version "6.0.1"
  resolved "https://registry.yarnpkg.com/@codemirror/lang-wast/-/lang-wast-6.0.1.tgz#c15bec84548a5e9b0a43fa69fb63631d087d6047"
  integrity sha512-sQLsqhRjl2MWG3rxZysX+2XAyed48KhLBHLgq9xcKxIJu3npH/G+BIXW5NM5mHeDUjG0jcGh9BcjP0NfMStuzA==
  dependencies:
    "@codemirror/language" "^6.0.0"
    "@lezer/highlight" "^1.0.0"
    "@lezer/lr" "^1.0.0"

"@codemirror/lang-xml@^6.0.0", "@codemirror/lang-xml@~6.0.0":
  version "6.0.2"
  resolved "https://registry.yarnpkg.com/@codemirror/lang-xml/-/lang-xml-6.0.2.tgz#66f75390bf8013fd8645db9cdd0b1d177e0777a4"
  integrity sha512-JQYZjHL2LAfpiZI2/qZ/qzDuSqmGKMwyApYmEUUCTxLM4MWS7sATUEfIguZQr9Zjx/7gcdnewb039smF6nC2zw==
  dependencies:
    "@codemirror/autocomplete" "^6.0.0"
    "@codemirror/language" "^6.4.0"
    "@codemirror/state" "^6.0.0"
    "@lezer/common" "^1.0.0"
    "@lezer/xml" "^1.0.0"

"@codemirror/language-data@>=6.0.0":
  version "6.1.0"
  resolved "https://registry.yarnpkg.com/@codemirror/language-data/-/language-data-6.1.0.tgz#479eff66289a6453493f7c8213d7b2ceb95c89f6"
  integrity sha512-g9V23fuLRI9AEbpM6bDy1oquqgpFlIDHTihUhL21NPmxp+x67ZJbsKk+V71W7/Bj8SCqEO1PtqQA/tDGgt1nfw==
  dependencies:
    "@codemirror/lang-cpp" "^6.0.0"
    "@codemirror/lang-css" "^6.0.0"
    "@codemirror/lang-html" "^6.0.0"
    "@codemirror/lang-java" "^6.0.0"
    "@codemirror/lang-javascript" "^6.0.0"
    "@codemirror/lang-json" "^6.0.0"
    "@codemirror/lang-markdown" "^6.0.0"
    "@codemirror/lang-php" "^6.0.0"
    "@codemirror/lang-python" "^6.0.0"
    "@codemirror/lang-rust" "^6.0.0"
    "@codemirror/lang-sql" "^6.0.0"
    "@codemirror/lang-wast" "^6.0.0"
    "@codemirror/lang-xml" "^6.0.0"
    "@codemirror/language" "^6.0.0"
    "@codemirror/legacy-modes" "^6.1.0"

"@codemirror/language@^6.0.0", "@codemirror/language@^6.3.0", "@codemirror/language@^6.4.0":
  version "6.4.0"
  resolved "https://registry.yarnpkg.com/@codemirror/language/-/language-6.4.0.tgz#803990e0f07bbb619e915651d3a57d143765dbcc"
  integrity sha512-Wzb7GnNj8vnEtbPWiOy9H0m1fBtE28kepQNGLXekU2EEZv43BF865VKITUn+NoV8OpW6gRtvm29YEhqm46927Q==
  dependencies:
    "@codemirror/state" "^6.0.0"
    "@codemirror/view" "^6.0.0"
    "@lezer/common" "^1.0.0"
    "@lezer/highlight" "^1.0.0"
    "@lezer/lr" "^1.0.0"
    style-mod "^4.0.0"

"@codemirror/legacy-modes@>=6.0.0", "@codemirror/legacy-modes@^6.1.0":
  version "6.3.1"
  resolved "https://registry.yarnpkg.com/@codemirror/legacy-modes/-/legacy-modes-6.3.1.tgz#77ab3f3db1ce3e47aad7a5baac3a4b12844734a5"
  integrity sha512-icXmCs4Mhst2F8mE0TNpmG6l7YTj1uxam3AbZaFaabINH5oWAdg2CfR/PVi+d/rqxJ+TuTnvkKK5GILHrNThtw==
  dependencies:
    "@codemirror/language" "^6.0.0"

"@codemirror/lint@^6.0.0":
  version "6.1.0"
  resolved "https://registry.yarnpkg.com/@codemirror/lint/-/lint-6.1.0.tgz#f006142d3a580fdb8ffc2faa3361b2232c08e079"
  integrity sha512-mdvDQrjRmYPvQ3WrzF6Ewaao+NWERYtpthJvoQ3tK3t/44Ynhk8ZGjTSL9jMEv8CgSMogmt75X8ceOZRDSXHtQ==
  dependencies:
    "@codemirror/state" "^6.0.0"
    "@codemirror/view" "^6.0.0"
    crelt "^1.0.5"

"@codemirror/search@^6.0.0":
  version "6.2.3"
  resolved "https://registry.yarnpkg.com/@codemirror/search/-/search-6.2.3.tgz#fab933fef1b1de8ef40cda275c73d9ac7a1ff40f"
  integrity sha512-V9n9233lopQhB1dyjsBK2Wc1i+8hcCqxl1wQ46c5HWWLePoe4FluV3TGHoZ04rBRlGjNyz9DTmpJErig8UE4jw==
  dependencies:
    "@codemirror/state" "^6.0.0"
    "@codemirror/view" "^6.0.0"
    crelt "^1.0.5"

"@codemirror/state@^6.0.0", "@codemirror/state@^6.1.1", "@codemirror/state@^6.1.4", "@codemirror/state@^6.2.0":
  version "6.2.0"
  resolved "https://registry.yarnpkg.com/@codemirror/state/-/state-6.2.0.tgz#a0fb08403ced8c2a68d1d0acee926bd20be922f2"
  integrity sha512-69QXtcrsc3RYtOtd+GsvczJ319udtBf1PTrr2KbLWM/e2CXUPnh0Nz9AUo8WfhSQ7GeL8dPVNUmhQVgpmuaNGA==

"@codemirror/theme-one-dark@^6.0.0":
  version "6.1.0"
  resolved "https://registry.yarnpkg.com/@codemirror/theme-one-dark/-/theme-one-dark-6.1.0.tgz#6f8b3c7fc22e9fec59edd573f4ba9546db42e007"
  integrity sha512-AiTHtFRu8+vWT9wWUWDM+cog6ZwgivJogB1Tm/g40NIpLwph7AnmxrSzWfvJN5fBVufsuwBxecQCNmdcR5D7Aw==
  dependencies:
    "@codemirror/language" "^6.0.0"
    "@codemirror/state" "^6.0.0"
    "@codemirror/view" "^6.0.0"
    "@lezer/highlight" "^1.0.0"

"@codemirror/view@^6.0.0", "@codemirror/view@^6.2.2", "@codemirror/view@^6.6.0":
  version "6.7.3"
  resolved "https://registry.yarnpkg.com/@codemirror/view/-/view-6.7.3.tgz#be2f9d0e6fc8882fb192041bf78425ca04999827"
  integrity sha512-Lt+4POnhXrZFfHOdPzXEHxrzwdy7cjqYlMkOWvoFGi6/bAsjzlFfr0NY3B15B/PGx+cDFgM1hlc12wvYeZbGLw==
  dependencies:
    "@codemirror/state" "^6.1.4"
    style-mod "^4.0.0"
    w3c-keyname "^2.2.4"

"@lezer/common@^1.0.0":
  version "1.0.2"
  resolved "https://registry.yarnpkg.com/@lezer/common/-/common-1.0.2.tgz#8fb9b86bdaa2ece57e7d59e5ffbcb37d71815087"
  integrity sha512-SVgiGtMnMnW3ActR8SXgsDhw7a0w0ChHSYAyAUxxrOiJ1OqYWEKk/xJd84tTSPo1mo6DXLObAJALNnd0Hrv7Ng==

"@lezer/cpp@^1.0.0":
  version "1.0.0"
  resolved "https://registry.yarnpkg.com/@lezer/cpp/-/cpp-1.0.0.tgz#3293fd88aaf16a6d4f18188602b4d931be8f0915"
  integrity sha512-Klk3/AIEKoptmm6cNm7xTulNXjdTKkD+hVOEcz/NeRg8tIestP5hsGHJeFDR/XtyDTxsjoPjKZRIGohht7zbKw==
  dependencies:
    "@lezer/highlight" "^1.0.0"
    "@lezer/lr" "^1.0.0"

"@lezer/css@^1.0.0", "@lezer/css@^1.1.0":
  version "1.1.1"
  resolved "https://registry.yarnpkg.com/@lezer/css/-/css-1.1.1.tgz#c36dcb0789317cb80c3740767dd3b85e071ad082"
  integrity sha512-mSjx+unLLapEqdOYDejnGBokB5+AiJKZVclmud0MKQOKx3DLJ5b5VTCstgDDknR6iIV4gVrN6euzsCnj0A2gQA==
  dependencies:
    "@lezer/highlight" "^1.0.0"
    "@lezer/lr" "^1.0.0"

"@lezer/highlight@^1.0.0", "@lezer/highlight@^1.1.3":
  version "1.1.3"
  resolved "https://registry.yarnpkg.com/@lezer/highlight/-/highlight-1.1.3.tgz#bf5a36c2ee227f526d74997ac91f7777e29bd25d"
  integrity sha512-3vLKLPThO4td43lYRBygmMY18JN3CPh9w+XS2j8WC30vR4yZeFG4z1iFe4jXE43NtGqe//zHW5q8ENLlHvz9gw==
  dependencies:
    "@lezer/common" "^1.0.0"

"@lezer/html@^1.3.0":
  version "1.3.0"
  resolved "https://registry.yarnpkg.com/@lezer/html/-/html-1.3.0.tgz#7e353dcefcdee9c4d3cd6bfc59416d0037f70c4c"
  integrity sha512-jU/ah8DEoiECLTMouU/X/ujIg6k9WQMIOFMaCLebzaXfrguyGaR3DpTgmk0tbljiuIJ7hlmVJPcJcxGzmCd0Mg==
  dependencies:
    "@lezer/common" "^1.0.0"
    "@lezer/highlight" "^1.0.0"
    "@lezer/lr" "^1.0.0"

"@lezer/java@^1.0.0":
  version "1.0.0"
  resolved "https://registry.yarnpkg.com/@lezer/java/-/java-1.0.0.tgz#fe74e062350f7a4268107e7562971bfbad994f49"
  integrity sha512-z2EA0JHq2WoiKfQy5uOOd4t17PJtq8guh58gPkSzOnNcQ7DNbkrU+Axak+jL8+Noinwyz2tRNOseQFj+Tg+P0A==
  dependencies:
    "@lezer/highlight" "^1.0.0"
    "@lezer/lr" "^1.0.0"

"@lezer/javascript@^1.0.0":
  version "1.4.1"
  resolved "https://registry.yarnpkg.com/@lezer/javascript/-/javascript-1.4.1.tgz#97a15042c76b5979af6a069fac83cf6485628cbf"
  integrity sha512-Hqx36DJeYhKtdpc7wBYPR0XF56ZzIp0IkMO/zNNj80xcaFOV4Oj/P7TQc/8k2TxNhzl7tV5tXS8ZOCPbT4L3nA==
  dependencies:
    "@lezer/highlight" "^1.1.3"
    "@lezer/lr" "^1.3.0"

"@lezer/json@^1.0.0":
  version "1.0.0"
  resolved "https://registry.yarnpkg.com/@lezer/json/-/json-1.0.0.tgz#848ad9c2c3e812518eb02897edd5a7f649e9c160"
  integrity sha512-zbAuUY09RBzCoCA3lJ1+ypKw5WSNvLqGMtasdW6HvVOqZoCpPr8eWrsGnOVWGKGn8Rh21FnrKRVlJXrGAVUqRw==
  dependencies:
    "@lezer/highlight" "^1.0.0"
    "@lezer/lr" "^1.0.0"

"@lezer/lezer@^1.0.0":
  version "1.1.0"
  resolved "https://registry.yarnpkg.com/@lezer/lezer/-/lezer-1.1.0.tgz#6a42b969735e632dd7ae6a102cdc7e12e474f86c"
  integrity sha512-XTomM3C2MzHNuZwjYbyYZ44IRV6rHIOvi++yAD1O4djlDoKAnikx3BFoREK2g/z8zUIc/kyWuZO9W9xN4/OR1g==
  dependencies:
    "@lezer/highlight" "^1.0.0"
    "@lezer/lr" "^1.0.0"

"@lezer/lr@^1.0.0", "@lezer/lr@^1.1.0", "@lezer/lr@^1.3.0":
  version "1.3.1"
  resolved "https://registry.yarnpkg.com/@lezer/lr/-/lr-1.3.1.tgz#f1e6c82860a3499d2f718217dc1c3e5719b8a319"
  integrity sha512-+GymJB/+3gThkk2zHwseaJTI5oa4AuOuj1I2LCslAVq1dFZLSX8SAe4ZlJq1TjezteDXtF/+d4qeWz9JvnrG9Q==
  dependencies:
    "@lezer/common" "^1.0.0"

"@lezer/markdown@^1.0.0":
  version "1.0.2"
  resolved "https://registry.yarnpkg.com/@lezer/markdown/-/markdown-1.0.2.tgz#8c804a9f6fe1ccca4a20acd2fd9fbe0fae1ae178"
  integrity sha512-8CY0OoZ6V5EzPjSPeJ4KLVbtXdLBd8V6sRCooN5kHnO28ytreEGTyrtU/zUwo/XLRzGr/e1g44KlzKi3yWGB5A==
  dependencies:
    "@lezer/common" "^1.0.0"
    "@lezer/highlight" "^1.0.0"

"@lezer/php@^1.0.0":
  version "1.0.1"
  resolved "https://registry.yarnpkg.com/@lezer/php/-/php-1.0.1.tgz#4496b58c980ca710c0433fd743d27e9964fd74ea"
  integrity sha512-aqdCQJOXJ66De22vzdwnuC502hIaG9EnPK2rSi+ebXyUd+j7GAX1mRjWZOVOmf3GST1YUfUCu6WXDiEgDGOVwA==
  dependencies:
    "@lezer/highlight" "^1.0.0"
    "@lezer/lr" "^1.1.0"

"@lezer/python@^1.0.0":
  version "1.1.1"
  resolved "https://registry.yarnpkg.com/@lezer/python/-/python-1.1.1.tgz#6d688071ed93d063a589a7d31df3279b1eba607a"
  integrity sha512-ArUGh9kvdaOVu6IkSaYUS9WFQeMAFVWKRuZo6vexnxoeCLnxf0Y9DCFEAMMa7W9SQBGYE55OarSpPqSkdOXSCA==
  dependencies:
    "@lezer/highlight" "^1.0.0"
    "@lezer/lr" "^1.0.0"

"@lezer/rust@^1.0.0":
  version "1.0.0"
  resolved "https://registry.yarnpkg.com/@lezer/rust/-/rust-1.0.0.tgz#939f3e7b0376ebe13f4ac336ed7d59ca2c8adf52"
  integrity sha512-IpGAxIjNxYmX9ra6GfQTSPegdCAWNeq23WNmrsMMQI7YNSvKtYxO4TX5rgZUmbhEucWn0KTBMeDEPXg99YKtTA==
  dependencies:
    "@lezer/highlight" "^1.0.0"
    "@lezer/lr" "^1.0.0"

"@lezer/xml@^1.0.0":
  version "1.0.1"
  resolved "https://registry.yarnpkg.com/@lezer/xml/-/xml-1.0.1.tgz#c4c738a407db610f0e9c59d0e9b16607cd029591"
  integrity sha512-jMDXrV953sDAUEMI25VNrI9dz94Ai96FfeglytFINhhwQ867HKlCE2jt3AwZTCT7M528WxdDWv/Ty8e9wizwmQ==
  dependencies:
    "@lezer/highlight" "^1.0.0"
    "@lezer/lr" "^1.0.0"

"@next/env@13.1.4":
  version "13.1.4"
  resolved "https://registry.yarnpkg.com/@next/env/-/env-13.1.4.tgz#ed91156ee48791ad85992d95d8e1f46a740c0d5e"
  integrity sha512-x7ydhMpi9/xX7yVK+Fw33OuwwQWVZUFRxenK3z89fmPzQZyUk35Ynb+b7JkrhfRhDIFFvvqpzVSXeseSlBAw7A==

"@next/font@13.1.4":
  version "13.1.4"
  resolved "https://registry.yarnpkg.com/@next/font/-/font-13.1.4.tgz#091cfd2db6deb04c5e119d62941ede17e6304655"
  integrity sha512-NfqQPAIFJhssdaZEsP0MADZKN+tc040jOkNKVlDZHtVjJWBJSgbe8UHg3w0S6YuQr7PHc0ACbFeVCBQeG4MEvg==

"@next/swc-android-arm-eabi@13.1.4":
  version "13.1.4"
  resolved "https://registry.yarnpkg.com/@next/swc-android-arm-eabi/-/swc-android-arm-eabi-13.1.4.tgz#7d258554b0812f693e91d1bfc940d0e386b394f7"
  integrity sha512-5PAchzFst3In6Ml+9APvBj89H29lcPXcUqEYBVv09fWK/V4IuViKc2qOqM9pyPyw7KsqaZPmuqaG595E6jdZLA==

"@next/swc-android-arm64@13.1.4":
  version "13.1.4"
  resolved "https://registry.yarnpkg.com/@next/swc-android-arm64/-/swc-android-arm64-13.1.4.tgz#03572661993ba554c4ac6a2b99c35b5062727489"
  integrity sha512-LCLjjRhsQ5fR9ExzR2fqxuyJe/D4Ct/YkdonVfJfqOfkEpFwUTQDOVo5GrQec4LZDk3zY+o6vZYjXbB0nD9VLA==

"@next/swc-darwin-arm64@13.1.4":
  version "13.1.4"
  resolved "https://registry.yarnpkg.com/@next/swc-darwin-arm64/-/swc-darwin-arm64-13.1.4.tgz#10189b4753b43941ffb0f396ee878176c8b4b662"
  integrity sha512-LSc/tF1FQ1y1SwKiCdGg8IIl7+Csk6nuLcLIyQXs24UNYjXg5+7vUQXqE8y66v/Dq8qFDC9rM61QhpM9ZDftbg==

"@next/swc-darwin-x64@13.1.4":
  version "13.1.4"
  resolved "https://registry.yarnpkg.com/@next/swc-darwin-x64/-/swc-darwin-x64-13.1.4.tgz#e6574b43699bfe74e38dd620fdaecd7a1676aa0a"
  integrity sha512-WoApDo8xfafrNc9+Mz5MwGFKUwbDHsGqLleTGZ8upegwVqDyHsYzqJQudf+loqhV58oGTOqP1eWaHn2J7dijXA==

"@next/swc-freebsd-x64@13.1.4":
  version "13.1.4"
  resolved "https://registry.yarnpkg.com/@next/swc-freebsd-x64/-/swc-freebsd-x64-13.1.4.tgz#96e77d986bd22b08ce12d3a5fc884494328b94b2"
  integrity sha512-fqNyeT8G4guN8AHPIoBRhGY2GJg89FyWpuwX4o0Y3vUy/84IGZpNst3paCzaYkQSqQE/AuCpkB7hKxkN7ittXw==

"@next/swc-linux-arm-gnueabihf@13.1.4":
  version "13.1.4"
  resolved "https://registry.yarnpkg.com/@next/swc-linux-arm-gnueabihf/-/swc-linux-arm-gnueabihf-13.1.4.tgz#91b035a6c88e8d583f8b9aef465b64d05ecd1f95"
  integrity sha512-MEfm8OC1YR9/tYHUzlQsxcSmiuf8XdO7bqh5VtG4pilScjc5I5t+tQgIDgoDGePfh5W99W23hb3s6oCFrt99rw==

"@next/swc-linux-arm64-gnu@13.1.4":
  version "13.1.4"
  resolved "https://registry.yarnpkg.com/@next/swc-linux-arm64-gnu/-/swc-linux-arm64-gnu-13.1.4.tgz#15726af0ce29450ffde593e993b0ec1beba75154"
  integrity sha512-2wgth/KsuODzW/E7jsRoWdhKmE5oZzXcBPvf9RW+ZpBNvYQkEDlzfLA7n8DtxTU8I4oMas0mdEPdCWXrSNnVZw==

"@next/swc-linux-arm64-musl@13.1.4":
  version "13.1.4"
  resolved "https://registry.yarnpkg.com/@next/swc-linux-arm64-musl/-/swc-linux-arm64-musl-13.1.4.tgz#74f449a2bb7b6f6fdaa67df0fa3665ee99a826b8"
  integrity sha512-GdWhCRljsT7rNEElEsdu4RRppd+XaQOX1IJslsh/+HU6LsJGUE8tXpa68yJjCsHZHifkbdZNeCr5SYdsN6CbAA==

"@next/swc-linux-x64-gnu@13.1.4":
  version "13.1.4"
  resolved "https://registry.yarnpkg.com/@next/swc-linux-x64-gnu/-/swc-linux-x64-gnu-13.1.4.tgz#dfaed86d84f11ce6c14c267ead267eab7cbea66d"
  integrity sha512-Rsk/ojwYqMskN2eo5hUSVe7UuMV/aSjmrmJ0BCFGFPfBY9sPgmYj/oXlDDN0y5lJD9acPuiBjknLWgnOnx5JIA==

"@next/swc-linux-x64-musl@13.1.4":
  version "13.1.4"
  resolved "https://registry.yarnpkg.com/@next/swc-linux-x64-musl/-/swc-linux-x64-musl-13.1.4.tgz#6f5f184967ba00379ac179546a9575bb7aff9c21"
  integrity sha512-gKSVPozedA2gpA+vggYnAqpDuzWFed2oxFeXxHw0aW2ALdAZswAinn1ZwXEQ5fHnVguxjZhH0+2nBxpMdF8p5Q==

"@next/swc-win32-arm64-msvc@13.1.4":
  version "13.1.4"
  resolved "https://registry.yarnpkg.com/@next/swc-win32-arm64-msvc/-/swc-win32-arm64-msvc-13.1.4.tgz#ccfa61a8ea56b55d7251f32b6c518ed0962d2923"
  integrity sha512-+kAXIIVb7Q4LCKmi7dn9qVlG1XUf3Chgj5Rwl0rAP4WBV2TnJIgsOEC24G1Mm3jjif+qXm7SJS9YZ9Yg3Y8sSQ==

"@next/swc-win32-ia32-msvc@13.1.4":
  version "13.1.4"
  resolved "https://registry.yarnpkg.com/@next/swc-win32-ia32-msvc/-/swc-win32-ia32-msvc-13.1.4.tgz#8d164ce4de9eeaf3400ad4becdd653f68f0d9527"
  integrity sha512-EsfzAFBVaw1zg1FzlLMgRaTX/DKY+EnAvJ6mCIJMGeSOPIj4Oy6xF2yEQ3VaRkwFpAafHJH6JNB/CGrdKFCMXw==

"@next/swc-win32-x64-msvc@13.1.4":
  version "13.1.4"
  resolved "https://registry.yarnpkg.com/@next/swc-win32-x64-msvc/-/swc-win32-x64-msvc-13.1.4.tgz#0eab48201b90e862c76add99c4feff00bfb0fb67"
  integrity sha512-bygNjmnq+F9NqJXh7OfhJgqu6LGU29GNKQYVyZkxY/h5K0WWUvAE/VL+TdyMwbvQr9KByx5XLwORwetLxXCo4g==

"@swc/helpers@0.4.14":
  version "0.4.14"
  resolved "https://registry.yarnpkg.com/@swc/helpers/-/helpers-0.4.14.tgz#1352ac6d95e3617ccb7c1498ff019654f1e12a74"
  integrity sha512-4C7nX/dvpzB7za4Ql9K81xK3HPxCpHMgwTZVyf+9JQ6VUbn9jjZVN7/Nkdz/Ugzs2CSjqnL/UPXroiVBVHUWUw==
  dependencies:
    tslib "^2.4.0"

"@uiw/codemirror-extensions-basic-setup@4.19.7", "@uiw/codemirror-extensions-basic-setup@^4.19.7":
  version "4.19.7"
  resolved "https://registry.yarnpkg.com/@uiw/codemirror-extensions-basic-setup/-/codemirror-extensions-basic-setup-4.19.7.tgz#e50c542a1563f3194a64e1a272f5f33b0a3a9145"
  integrity sha512-pk0JTFJAZOGxouBB1pdBtb59qKibO9DW4hER4VSFGBGW3TBDeXUwL/gKujhRpySHG2MtG09cgt4a3XOFIWwXTw==
  dependencies:
    "@codemirror/autocomplete" "^6.0.0"
    "@codemirror/commands" "^6.0.0"
    "@codemirror/language" "^6.0.0"
    "@codemirror/lint" "^6.0.0"
    "@codemirror/search" "^6.0.0"
    "@codemirror/state" "^6.0.0"
    "@codemirror/view" "^6.0.0"

"@uiw/codemirror-extensions-langs@^4.19.7":
  version "4.19.7"
  resolved "https://registry.yarnpkg.com/@uiw/codemirror-extensions-langs/-/codemirror-extensions-langs-4.19.7.tgz#83792afb468b30847e190063d7c6cbcf556deab6"
  integrity sha512-dqaOFrwv79y93pBIDJ41fWRxF4JP9ij/PVFi9YxHNILNN1RqdS0uDFj8VJ8aeHPM8w0dmQZUoDP3qySru+r5yA==
  dependencies:
    "@codemirror/lang-cpp" "~6.0.0"
    "@codemirror/lang-html" "~6.4.0"
    "@codemirror/lang-java" "~6.0.0"
    "@codemirror/lang-javascript" "~6.1.0"
    "@codemirror/lang-json" "~6.0.0"
    "@codemirror/lang-lezer" "~6.0.0"
    "@codemirror/lang-markdown" "~6.0.0"
    "@codemirror/lang-php" "~6.0.0"
    "@codemirror/lang-python" "~6.1.0"
    "@codemirror/lang-rust" "~6.0.0"
    "@codemirror/lang-sql" "~6.3.0"
    "@codemirror/lang-wast" "^6.0.0"
    "@codemirror/lang-xml" "~6.0.0"
    "@codemirror/language-data" ">=6.0.0"
    "@codemirror/legacy-modes" ">=6.0.0"

"@uiw/react-codemirror@^4.19.7":
  version "4.19.7"
  resolved "https://registry.yarnpkg.com/@uiw/react-codemirror/-/react-codemirror-4.19.7.tgz#33fbcaa876bb0e66367b2b06d88b833599574379"
  integrity sha512-IHvpYWVSdiaHX0Fk6oY6YyAJigDnyvSpWKNUTRzsMNxB+8/wqZ8lior4TprXH0zyLxW5F1+bTyifFFTeg+X3Sw==
  dependencies:
    "@babel/runtime" "^7.18.6"
    "@codemirror/commands" "^6.1.0"
    "@codemirror/state" "^6.1.1"
    "@codemirror/theme-one-dark" "^6.0.0"
    "@uiw/codemirror-extensions-basic-setup" "4.19.7"
    codemirror "^6.0.0"

caniuse-lite@^1.0.30001406:
  version "1.0.30001446"
  resolved "https://registry.yarnpkg.com/caniuse-lite/-/caniuse-lite-1.0.30001446.tgz#6d4ba828ab19f49f9bcd14a8430d30feebf1e0c5"
  integrity sha512-fEoga4PrImGcwUUGEol/PoFCSBnSkA9drgdkxXkJLsUBOnJ8rs3zDv6ApqYXGQFOyMPsjh79naWhF4DAxbF8rw==

client-only@0.0.1:
  version "0.0.1"
  resolved "https://registry.yarnpkg.com/client-only/-/client-only-0.0.1.tgz#38bba5d403c41ab150bff64a95c85013cf73bca1"
  integrity sha512-IV3Ou0jSMzZrd3pZ48nLkT9DA7Ag1pnPzaiQhpW7c3RbcqqzvzzVu+L8gfqMp/8IM2MQtSiqaCxrrcfu8I8rMA==

codemirror@^6.0.0:
  version "6.0.1"
  resolved "https://registry.yarnpkg.com/codemirror/-/codemirror-6.0.1.tgz#62b91142d45904547ee3e0e0e4c1a79158035a29"
  integrity sha512-J8j+nZ+CdWmIeFIGXEFbFPtpiYacFMDR8GlHK3IyHQJMCaVRfGx9NT+Hxivv1ckLWPvNdZqndbr/7lVhrf/Svg==
  dependencies:
    "@codemirror/autocomplete" "^6.0.0"
    "@codemirror/commands" "^6.0.0"
    "@codemirror/language" "^6.0.0"
    "@codemirror/lint" "^6.0.0"
    "@codemirror/search" "^6.0.0"
    "@codemirror/state" "^6.0.0"
    "@codemirror/view" "^6.0.0"

crelt@^1.0.5:
  version "1.0.5"
  resolved "https://registry.yarnpkg.com/crelt/-/crelt-1.0.5.tgz#57c0d52af8c859e354bace1883eb2e1eb182bb94"
  integrity sha512-+BO9wPPi+DWTDcNYhr/W90myha8ptzftZT+LwcmUbbok0rcP/fequmFYCw8NMoH7pkAZQzU78b3kYrlua5a9eA==

"js-tokens@^3.0.0 || ^4.0.0":
  version "4.0.0"
  resolved "https://registry.yarnpkg.com/js-tokens/-/js-tokens-4.0.0.tgz#19203fb59991df98e3a287050d4647cdeaf32499"
  integrity sha512-RdJUflcE3cUzKiMqQgsCu06FPu9UdIJO0beYbPhHN4k6apgJtifcoCtT9bcxOpYBtpD2kCM6Sbzg4CausW/PKQ==

loose-envify@^1.1.0:
  version "1.4.0"
  resolved "https://registry.yarnpkg.com/loose-envify/-/loose-envify-1.4.0.tgz#71ee51fa7be4caec1a63839f7e682d8132d30caf"
  integrity sha512-lyuxPGr/Wfhrlem2CL/UcnUc1zcqKAImBDzukY7Y5F/yQiNdko6+fRLevlw1HgMySw7f611UIY408EtxRSoK3Q==
  dependencies:
    js-tokens "^3.0.0 || ^4.0.0"

nanoid@^3.3.4:
  version "3.3.4"
  resolved "https://registry.yarnpkg.com/nanoid/-/nanoid-3.3.4.tgz#730b67e3cd09e2deacf03c027c81c9d9dbc5e8ab"
  integrity sha512-MqBkQh/OHTS2egovRtLk45wEyNXwF+cokD+1YPf9u5VfJiRdAiRwB2froX5Co9Rh20xs4siNPm8naNotSD6RBw==

next@13.1.4:
  version "13.1.4"
  resolved "https://registry.yarnpkg.com/next/-/next-13.1.4.tgz#fe13ff4a656153b6249c101d79a54569c0cd05e5"
  integrity sha512-g0oBUU+tcOPKbXTVdsDO2adc6wd/ggqauHHysPQJxuIKqZ+fwICGJht0C5D5V0A/77eQDF5EFwNdAHkFvBDsog==
  dependencies:
    "@next/env" "13.1.4"
    "@swc/helpers" "0.4.14"
    caniuse-lite "^1.0.30001406"
    postcss "8.4.14"
    styled-jsx "5.1.1"
  optionalDependencies:
    "@next/swc-android-arm-eabi" "13.1.4"
    "@next/swc-android-arm64" "13.1.4"
    "@next/swc-darwin-arm64" "13.1.4"
    "@next/swc-darwin-x64" "13.1.4"
    "@next/swc-freebsd-x64" "13.1.4"
    "@next/swc-linux-arm-gnueabihf" "13.1.4"
    "@next/swc-linux-arm64-gnu" "13.1.4"
    "@next/swc-linux-arm64-musl" "13.1.4"
    "@next/swc-linux-x64-gnu" "13.1.4"
    "@next/swc-linux-x64-musl" "13.1.4"
    "@next/swc-win32-arm64-msvc" "13.1.4"
    "@next/swc-win32-ia32-msvc" "13.1.4"
    "@next/swc-win32-x64-msvc" "13.1.4"

picocolors@^1.0.0:
  version "1.0.0"
  resolved "https://registry.yarnpkg.com/picocolors/-/picocolors-1.0.0.tgz#cb5bdc74ff3f51892236eaf79d68bc44564ab81c"
  integrity sha512-1fygroTLlHu66zi26VoTDv8yRgm0Fccecssto+MhsZ0D/DGW2sm8E8AjW7NU5VVTRt5GxbeZ5qBuJr+HyLYkjQ==

postcss@8.4.14:
  version "8.4.14"
  resolved "https://registry.yarnpkg.com/postcss/-/postcss-8.4.14.tgz#ee9274d5622b4858c1007a74d76e42e56fd21caf"
  integrity sha512-E398TUmfAYFPBSdzgeieK2Y1+1cpdxJx8yXbK/m57nRhKSmk1GB2tO4lbLBtlkfPQTDKfe4Xqv1ASWPpayPEig==
  dependencies:
    nanoid "^3.3.4"
    picocolors "^1.0.0"
    source-map-js "^1.0.2"

react-dom@18.2.0:
  version "18.2.0"
  resolved "https://registry.yarnpkg.com/react-dom/-/react-dom-18.2.0.tgz#22aaf38708db2674ed9ada224ca4aa708d821e3d"
  integrity sha512-6IMTriUmvsjHUjNtEDudZfuDQUoWXVxKHhlEGSk81n4YFS+r/Kl99wXiwlVXtPBtJenozv2P+hxDsw9eA7Xo6g==
  dependencies:
    loose-envify "^1.1.0"
    scheduler "^0.23.0"

react@18.2.0:
  version "18.2.0"
  resolved "https://registry.yarnpkg.com/react/-/react-18.2.0.tgz#555bd98592883255fa00de14f1151a917b5d77d5"
  integrity sha512-/3IjMdb2L9QbBdWiW5e3P2/npwMBaU9mHCSCUzNln0ZCYbcfTsGbTJrU/kGemdH2IWmB2ioZ+zkxtmq6g09fGQ==
  dependencies:
    loose-envify "^1.1.0"

regenerator-runtime@^0.13.11:
  version "0.13.11"
  resolved "https://registry.yarnpkg.com/regenerator-runtime/-/regenerator-runtime-0.13.11.tgz#f6dca3e7ceec20590d07ada785636a90cdca17f9"
  integrity sha512-kY1AZVr2Ra+t+piVaJ4gxaFaReZVH40AKNo7UCX6W+dEwBo/2oZJzqfuN1qLq1oL45o56cPaTXELwrTh8Fpggg==

scheduler@^0.23.0:
  version "0.23.0"
  resolved "https://registry.yarnpkg.com/scheduler/-/scheduler-0.23.0.tgz#ba8041afc3d30eb206a487b6b384002e4e61fdfe"
  integrity sha512-CtuThmgHNg7zIZWAXi3AsyIzA3n4xx7aNyjwC2VJldO2LMVDhFK+63xGqq6CsJH4rTAt6/M+N4GhZiDYPx9eUw==
  dependencies:
    loose-envify "^1.1.0"

source-map-js@^1.0.2:
  version "1.0.2"
  resolved "https://registry.yarnpkg.com/source-map-js/-/source-map-js-1.0.2.tgz#adbc361d9c62df380125e7f161f71c826f1e490c"
  integrity sha512-R0XvVJ9WusLiqTCEiGCmICCMplcCkIwwR11mOSD9CR5u+IXYdiseeEuXCVAjS54zqwkLcPNnmU4OeJ6tUrWhDw==

style-mod@^4.0.0:
  version "4.0.0"
  resolved "https://registry.yarnpkg.com/style-mod/-/style-mod-4.0.0.tgz#97e7c2d68b592975f2ca7a63d0dd6fcacfe35a01"
  integrity sha512-OPhtyEjyyN9x3nhPsu76f52yUGXiZcgvsrFVtvTkyGRQJ0XK+GPc6ov1z+lRpbeabka+MYEQxOYRnt5nF30aMw==

styled-jsx@5.1.1:
  version "5.1.1"
  resolved "https://registry.yarnpkg.com/styled-jsx/-/styled-jsx-5.1.1.tgz#839a1c3aaacc4e735fed0781b8619ea5d0009d1f"
  integrity sha512-pW7uC1l4mBZ8ugbiZrcIsiIvVx1UmTfw7UkC3Um2tmfUq9Bhk8IiyEIPl6F8agHgjzku6j0xQEZbfA5uSgSaCw==
  dependencies:
    client-only "0.0.1"

tslib@^2.4.0:
  version "2.4.1"
  resolved "https://registry.yarnpkg.com/tslib/-/tslib-2.4.1.tgz#0d0bfbaac2880b91e22df0768e55be9753a5b17e"
  integrity sha512-tGyy4dAjRIEwI7BzsB0lynWgOpfqjUdq91XXAlIWD2OwKBH7oCl/GZG/HT4BOHrTlPMOASlMQ7veyTqpmRcrNA==

w3c-keyname@^2.2.4:
  version "2.2.6"
  resolved "https://registry.yarnpkg.com/w3c-keyname/-/w3c-keyname-2.2.6.tgz#8412046116bc16c5d73d4e612053ea10a189c85f"
  integrity sha512-f+fciywl1SJEniZHD6H+kUO8gOnwIr7f4ijKA6+ZvJFjeGi1r4PDLl53Ayud9O/rk64RqgoQine0feoeOU0kXg==
